PODS:
  - AFNetworking (2.3.1):
    - AFNetworking/NSURLConnection
    - AFNetworking/NSURLSession
    - AFNetworking/Reachability
    - AFNetworking/Security
    - AFNetworking/Serialization
    - AFNetworking/UIKit
  - AFNetworking/NSURLConnection (2.3.1):
    - AFNetworking/Reachability
    - AFNetworking/Security
    - AFNetworking/Serialization
  - AFNetworking/NSURLSession (2.3.1):
    - AFNetworking/Reachability
    - AFNetworking/Security
    - AFNetworking/Serialization
  - AFNetworking/Reachability (2.3.1)
  - AFNetworking/Security (2.3.1)
  - AFNetworking/Serialization (2.3.1)
  - AFNetworking/UIKit (2.3.1):
    - AFNetworking/NSURLConnection
    - AFNetworking/NSURLSession
  - MBProgressHUD (0.9)
  - NSHash (1.0.1)
  - SDWebImage (3.7.1):
    - SDWebImage/Core
  - SDWebImage/Core (3.7.1)
  - SFHFKeychainUtils (0.0.1)
  - SVPullToRefresh (0.4.1)

DEPENDENCIES:
  - AFNetworking (~> 2.3.1)
  - MBProgressHUD (~> 0.8)
  - NSHash (~> 1.0.1)
  - SDWebImage (~> 3.6)
  - SFHFKeychainUtils (~> 0.0.1)
  - SVPullToRefresh (~> 0.4.1)

SPEC CHECKSUMS:
  AFNetworking: de3f1e60fae67f0a892562da561ea3daebaa00dd
  MBProgressHUD: d326d634b8e54d371e0a714c7c4cf8e0aff1558f
  NSHash: c610ad80107348f2f5b04b8a694c1217736f5b80
  SDWebImage: 0604aac31d15e03d79699dc05091e976f7b7d53d
  SFHFKeychainUtils: ce5d93bad22bd5b0d7df6e8e4d73736bec9d3e32
  SVPullToRefresh: ed2780467bd4a16a346388e6f628ce983d100f62

COCOAPODS: 0.34.4
